
Microsoft Visual Studio Solution File, Format Version 12.00
# Visual Studio Version 16
VisualStudioVersion = 16.0.31424.327
MinimumVisualStudioVersion = 10.0.40219.1
Project("{FAE04EC0-301F-11D3-BF4B-00C04F79EFBC}") = "ObscureAddress", "ObscureAddress\ObscureAddress.csproj", "{72A7C6EE-8174-4BBD-B8C1-A2AA615E2669}"
EndProject
Project("{FAE04EC0-301F-11D3-BF4B-00C04F79EFBC}") = "ObscureAddress.UI", "ObscureAddress.UI\ObscureAddress.UI.csproj", "{81D0D187-CAEC-4328-85F2-93F09718270C}"
EndProject
Project("{FAE04EC0-301F-11D3-BF4B-00C04F79EFBC}") = "ObscureAddress.Test", "ObscureAddress.Test\ObscureAddress.Test.csproj", "{0900C5DE-2FE0-4A72-800A-6D2D78087880}"
EndProject
Global
	GlobalSection(SolutionConfigurationPlatforms) = preSolution
		Debug|Any CPU = Debug|Any CPU
		Release|Any CPU = Release|Any CPU
	EndGlobalSection
	GlobalSection(ProjectConfigurationPlatforms) = postSolution
		{72A7C6EE-8174-4BBD-B8C1-A2AA615E2669}.Debug|Any CPU.ActiveCfg = Debug|Any CPU
		{72A7C6EE-8174-4BBD-B8C1-A2AA615E2669}.Debug|Any CPU.Build.0 = Debug|Any CPU
		{72A7C6EE-8174-4BBD-B8C1-A2AA615E2669}.Release|Any CPU.ActiveCfg = Release|Any CPU
		{72A7C6EE-8174-4BBD-B8C1-A2AA615E2669}.Release|Any CPU.Build.0 = Release|Any CPU
		{81D0D187-CAEC-4328-85F2-93F09718270C}.Debug|Any CPU.ActiveCfg = Debug|Any CPU
		{81D0D187-CAEC-4328-85F2-93F09718270C}.Debug|Any CPU.Build.0 = Debug|Any CPU
		{81D0D187-CAEC-4328-85F2-93F09718270C}.Release|Any CPU.ActiveCfg = Release|Any CPU
		{81D0D187-CAEC-4328-85F2-93F09718270C}.Release|Any CPU.Build.0 = Release|Any CPU
		{0900C5DE-2FE0-4A72-800A-6D2D78087880}.Debug|Any CPU.ActiveCfg = Debug|Any CPU
		{0900C5DE-2FE0-4A72-800A-6D2D78087880}.Debug|Any CPU.Build.0 = Debug|Any CPU
		{0900C5DE-2FE0-4A72-800A-6D2D78087880}.Release|Any CPU.ActiveCfg = Release|Any CPU
		{0900C5DE-2FE0-4A72-800A-6D2D78087880}.Release|Any CPU.Build.0 = Release|Any CPU
	EndGlobalSection
	GlobalSection(SolutionProperties) = preSolution
		HideSolutionNode = FALSE
	EndGlobalSection
	GlobalSection(ExtensibilityGlobals) = postSolution
		SolutionGuid = {B92E075D-08B2-4905-9C67-9BD765342489}
	EndGlobalSection
EndGlobal
